
Microsoft Visual Studio Solution File, Format Version 12.00
# Visual Studio Version 16
VisualStudioVersion = 16.0.31112.23
MinimumVisualStudioVersion = 10.0.40219.1
Project("{FAE04EC0-301F-11D3-BF4B-00C04F79EFBC}") = "SpriteSheetBuilder", "SpriteSheetBuilder\SpriteSheetBuilder.csproj", "{02387072-C48D-480F-B917-83E8576113AF}"
EndProject
Global
	GlobalSection(SolutionConfigurationPlatforms) = preSolution
		Debug|Any CPU = Debug|Any CPU
		Release|Any CPU = Release|Any CPU
	EndGlobalSection
	GlobalSection(ProjectConfigurationPlatforms) = postSolution
		{02387072-C48D-480F-B917-83E8576113AF}.Debug|Any CPU.ActiveCfg = Debug|Any CPU
		{02387072-C48D-480F-B917-83E8576113AF}.Debug|Any CPU.Build.0 = Debug|Any CPU
		{02387072-C48D-480F-B917-83E8576113AF}.Release|Any CPU.ActiveCfg = Release|Any CPU
		{02387072-C48D-480F-B917-83E8576113AF}.Release|Any CPU.Build.0 = Release|Any CPU
	EndGlobalSection
	GlobalSection(SolutionProperties) = preSolution
		HideSolutionNode = FALSE
	EndGlobalSection
	GlobalSection(ExtensibilityGlobals) = postSolution
		SolutionGuid = {B58900AC-D0EC-47CF-A99D-0272C934558E}
	EndGlobalSection
EndGlobal
